// !$*UTF8*$!
{
	archiveVersion = 1;
	classes = {
	};
	objectVersion = 56;
	objects = {

/* Begin PBXBuildFile section */
		4E0A685720BE4BD9EF706FAD /* Pods_About.framework in Frameworks */ = {isa = PBXBuildFile; fileRef = A3E7579A08A0C38EE5689E5A /* Pods_About.framework */; };
		F43EBF2F29D11EB400C9ED5D /* About.docc in Sources */ = {isa = PBXBuildFile; fileRef = F43EBF2E29D11EB400C9ED5D /* About.docc */; };
		F43EBF3029D11EB400C9ED5D /* About.h in Headers */ = {isa = PBXBuildFile; fileRef = F43EBF2D29D11EB400C9ED5D /* About.h */; settings = {ATTRIBUTES = (Public, ); }; };
		F43EBF3929D11F1700C9ED5D /* AboutViewController.xib in Resources */ = {isa = PBXBuildFile; fileRef = F43EBF3729D11F1700C9ED5D /* AboutViewController.xib */; };
		F43EBF3A29D11F1700C9ED5D /* AboutViewController.swift in Sources */ = {isa = PBXBuildFile; fileRef = F43EBF3829D11F1700C9ED5D /* AboutViewController.swift */; };
		F4AE945129D1624700D6CBB2 /* Core.framework in Frameworks */ = {isa = PBXBuildFile; fileRef = F4AE945029D1624700D6CBB2 /* Core.framework */; };
		F4AE945229D1624700D6CBB2 /* Core.framework in Embed Frameworks */ = {isa = PBXBuildFile; fileRef = F4AE945029D1624700D6CBB2 /* Core.framework */; settings = {ATTRIBUTES = (CodeSignOnCopy, RemoveHeadersOnCopy, ); }; };
/* End PBXBuildFile section */

/* Begin PBXCopyFilesBuildPhase section */
		F4AE945329D1624700D6CBB2 /* Embed Frameworks */ = {
			isa = PBXCopyFilesBuildPhase;
			buildActionMask = 2147483647;
			dstPath = "";
			dstSubfolderSpec = 10;
			files = (
				F4AE945229D1624700D6CBB2 /* Core.framework in Embed Frameworks */,
			);
			name = "Embed Frameworks";
			runOnlyForDeploymentPostprocessing = 0;
		};
/* End PBXCopyFilesBuildPhase section */

/* Begin PBXFileReference section */
		714A633B3B9F316E86D3D353 /* Pods-About.release.xcconfig */ = {isa = PBXFileReference; includeInIndex = 1; lastKnownFileType = text.xcconfig; name = "Pods-About.release.xcconfig"; path = "../../../MyGames/Pods/Target Support Files/Pods-About/Pods-About.release.xcconfig"; sourceTree = "<group>"; };
		A3E7579A08A0C38EE5689E5A /* Pods_About.framework */ = {isa = PBXFileReference; explicitFileType = wrapper.framework; includeInIndex = 0; path = Pods_About.framework; sourceTree = BUILT_PRODUCTS_DIR; };
		A46C4632ADE4EE69E25549CA /* Pods-About.debug.xcconfig */ = {isa = PBXFileReference; includeInIndex = 1; lastKnownFileType = text.xcconfig; name = "Pods-About.debug.xcconfig"; path = "../../../MyGames/Pods/Target Support Files/Pods-About/Pods-About.debug.xcconfig"; sourceTree = "<group>"; };
		F43EBF2A29D11EB400C9ED5D /* About.framework */ = {isa = PBXFileReference; explicitFileType = wrapper.framework; includeInIndex = 0; path = About.framework; sourceTree = BUILT_PRODUCTS_DIR; };
		F43EBF2D29D11EB400C9ED5D /* About.h */ = {isa = PBXFileReference; lastKnownFileType = sourcecode.c.h; path = About.h; sourceTree = "<group>"; };
		F43EBF2E29D11EB400C9ED5D /* About.docc */ = {isa = PBXFileReference; lastKnownFileType = folder.documentationcatalog; path = About.docc; sourceTree = "<group>"; };
		F43EBF3729D11F1700C9ED5D /* AboutViewController.xib */ = {isa = PBXFileReference; fileEncoding = 4; lastKnownFileType = file.xib; path = AboutViewController.xib; sourceTree = "<group>"; };
		F43EBF3829D11F1700C9ED5D /* AboutViewController.swift */ = {isa = PBXFileReference; fileEncoding = 4; lastKnownFileType = sourcecode.swift; path = AboutViewController.swift; sourceTree = "<group>"; };
		F43EBF3B29D11F3000C9ED5D /* Common.framework */ = {isa = PBXFileReference; explicitFileType = wrapper.framework; path = Common.framework; sourceTree = BUILT_PRODUCTS_DIR; };
		F4AE945029D1624700D6CBB2 /* Core.framework */ = {isa = PBXFileReference; explicitFileType = wrapper.framework; path = Core.framework; sourceTree = BUILT_PRODUCTS_DIR; };
/* End PBXFileReference section */

/* Begin PBXFrameworksBuildPhase section */
		F43EBF2729D11EB400C9ED5D /* Frameworks */ = {
			isa = PBXFrameworksBuildPhase;
			buildActionMask = 2147483647;
			files = (
				4E0A685720BE4BD9EF706FAD /* Pods_About.framework in Frameworks */,
				F4AE945129D1624700D6CBB2 /* Core.framework in Frameworks */,
			);
			runOnlyForDeploymentPostprocessing = 0;
		};
/* End PBXFrameworksBuildPhase section */

/* Begin PBXGroup section */
		B2490BCDEF84F508D3D88F97 /* Frameworks */ = {
			isa = PBXGroup;
			children = (
				F4AE945029D1624700D6CBB2 /* Core.framework */,
				F43EBF3B29D11F3000C9ED5D /* Common.framework */,
				A3E7579A08A0C38EE5689E5A /* Pods_About.framework */,
			);
			name = Frameworks;
			sourceTree = "<group>";
		};
		C827CD2F85CBFF859C2BD8D9 /* Pods */ = {
			isa = PBXGroup;
			children = (
				A46C4632ADE4EE69E25549CA /* Pods-About.debug.xcconfig */,
				714A633B3B9F316E86D3D353 /* Pods-About.release.xcconfig */,
			);
			name = Pods;
			path = ../MyGames/Pods;
			sourceTree = "<group>";
		};
		F43EBF2029D11EB400C9ED5D = {
			isa = PBXGroup;
			children = (
				F43EBF2C29D11EB400C9ED5D /* About */,
				F43EBF2B29D11EB400C9ED5D /* Products */,
				C827CD2F85CBFF859C2BD8D9 /* Pods */,
				B2490BCDEF84F508D3D88F97 /* Frameworks */,
			);
			sourceTree = "<group>";
		};
		F43EBF2B29D11EB400C9ED5D /* Products */ = {
			isa = PBXGroup;
			children = (
				F43EBF2A29D11EB400C9ED5D /* About.framework */,
			);
			name = Products;
			sourceTree = "<group>";
		};
		F43EBF2C29D11EB400C9ED5D /* About */ = {
			isa = PBXGroup;
			children = (
				F43EBF3629D11F1700C9ED5D /* Presentation */,
				F43EBF2D29D11EB400C9ED5D /* About.h */,
				F43EBF2E29D11EB400C9ED5D /* About.docc */,
			);
			path = About;
			sourceTree = "<group>";
		};
		F43EBF3629D11F1700C9ED5D /* Presentation */ = {
			isa = PBXGroup;
			children = (
				F43EBF3729D11F1700C9ED5D /* AboutViewController.xib */,
				F43EBF3829D11F1700C9ED5D /* AboutViewController.swift */,
			);
			path = Presentation;
			sourceTree = "<group>";
		};
/* End PBXGroup section */

/* Begin PBXHeadersBuildPhase section */
		F43EBF2529D11EB400C9ED5D /* Headers */ = {
			isa = PBXHeadersBuildPhase;
			buildActionMask = 2147483647;
			files = (
				F43EBF3029D11EB400C9ED5D /* About.h in Headers */,
			);
			runOnlyForDeploymentPostprocessing = 0;
		};
/* End PBXHeadersBuildPhase section */

/* Begin PBXNativeTarget section */
		F43EBF2929D11EB400C9ED5D /* About */ = {
			isa = PBXNativeTarget;
			buildConfigurationList = F43EBF3329D11EB400C9ED5D /* Build configuration list for PBXNativeTarget "About" */;
			buildPhases = (
				632D672F5B9CB9D0EF2FFC70 /* [CP] Check Pods Manifest.lock */,
				F43EBF2529D11EB400C9ED5D /* Headers */,
				F43EBF2629D11EB400C9ED5D /* Sources */,
				F43EBF2729D11EB400C9ED5D /* Frameworks */,
				F43EBF2829D11EB400C9ED5D /* Resources */,
				F4AE945329D1624700D6CBB2 /* Embed Frameworks */,
			);
			buildRules = (
			);
			dependencies = (
			);
			name = About;
			productName = About;
			productReference = F43EBF2A29D11EB400C9ED5D /* About.framework */;
			productType = "com.apple.product-type.framework";
		};
/* End PBXNativeTarget section */

/* Begin PBXProject section */
		F43EBF2129D11EB400C9ED5D /* Project object */ = {
			isa = PBXProject;
			attributes = {
				BuildIndependentTargetsInParallel = 1;
				LastUpgradeCheck = 1420;
				TargetAttributes = {
					F43EBF2929D11EB400C9ED5D = {
						CreatedOnToolsVersion = 14.2;
					};
				};
			};
			buildConfigurationList = F43EBF2429D11EB400C9ED5D /* Build configuration list for PBXProject "About" */;
			compatibilityVersion = "Xcode 14.0";
			developmentRegion = en;
			hasScannedForEncodings = 0;
			knownRegions = (
				en,
				Base,
			);
			mainGroup = F43EBF2029D11EB400C9ED5D;
			productRefGroup = F43EBF2B29D11EB400C9ED5D /* Products */;
			projectDirPath = "";
			projectRoot = "";
			targets = (
				F43EBF2929D11EB400C9ED5D /* About */,
			);
		};
/* End PBXProject section */

/* Begin PBXResourcesBuildPhase section */
		F43EBF2829D11EB400C9ED5D /* Resources */ = {
			isa = PBXResourcesBuildPhase;
			buildActionMask = 2147483647;
			files = (
				F43EBF3929D11F1700C9ED5D /* AboutViewController.xib in Resources */,
			);
			runOnlyForDeploymentPostprocessing = 0;
		};
/* End PBXResourcesBuildPhase section */

/* Begin PBXShellScriptBuildPhase section */
		632D672F5B9CB9D0EF2FFC70 /* [CP] Check Pods Manifest.lock */ = {
			isa = PBXShellScriptBuildPhase;
			buildActionMask = 2147483647;
			files = (
			);
			inputFileListPaths = (
			);
			inputPaths = (
				"${PODS_PODFILE_DIR_PATH}/Podfile.lock",
				"${PODS_ROOT}/Manifest.lock",
			);
			name = "[CP] Check Pods Manifest.lock";
			outputFileListPaths = (
			);
			outputPaths = (
				"$(DERIVED_FILE_DIR)/Pods-About-checkManifestLockResult.txt",
			);
			runOnlyForDeploymentPostprocessing = 0;
			shellPath = /bin/sh;
			shellScript = "diff \"${PODS_PODFILE_DIR_PATH}/Podfile.lock\" \"${PODS_ROOT}/Manifest.lock\" > /dev/null\nif [ $? != 0 ] ; then\n    # print error to STDERR\n    echo \"error: The sandbox is not in sync with the Podfile.lock. Run 'pod install' or update your CocoaPods installation.\" >&2\n    exit 1\nfi\n# This output is used by Xcode 'outputs' to avoid re-running this script phase.\necho \"SUCCESS\" > \"${SCRIPT_OUTPUT_FILE_0}\"\n";
			showEnvVarsInLog = 0;
		};
/* End PBXShellScriptBuildPhase section */

/* Begin PBXSourcesBuildPhase section */
		F43EBF2629D11EB400C9ED5D /* Sources */ = {
			isa = PBXSourcesBuildPhase;
			buildActionMask = 2147483647;
			files = (
				F43EBF3A29D11F1700C9ED5D /* AboutViewController.swift in Sources */,
				F43EBF2F29D11EB400C9ED5D /* About.docc in Sources */,
			);
			runOnlyForDeploymentPostprocessing = 0;
		};
/* End PBXSourcesBuildPhase section */

/* Begin XCBuildConfiguration section */
		F43EBF3129D11EB400C9ED5D /* Debug */ = {
			isa = XCBuildConfiguration;
			buildSettings = {
				ALWAYS_SEARCH_USER_PATHS = NO;
				CLANG_ANALYZER_NONNULL = YES;
				CLANG_ANALYZER_NUMBER_OBJECT_CONVERSION = YES_AGGRESSIVE;
				CLANG_CXX_LANGUAGE_STANDARD = "gnu++20";
				CLANG_ENABLE_MODULES = YES;
				CLANG_ENABLE_OBJC_ARC = YES;
				CLANG_ENABLE_OBJC_WEAK = YES;
				CLANG_WARN_BLOCK_CAPTURE_AUTORELEASING = YES;
				CLANG_WARN_BOOL_CONVERSION = YES;
				CLANG_WARN_COMMA = YES;
				CLANG_WARN_CONSTANT_CONVERSION = YES;
				CLANG_WARN_DEPRECATED_OBJC_IMPLEMENTATIONS = YES;
				CLANG_WARN_DIRECT_OBJC_ISA_USAGE = YES_ERROR;
				CLANG_WARN_DOCUMENTATION_COMMENTS = YES;
				CLANG_WARN_EMPTY_BODY = YES;
				CLANG_WARN_ENUM_CONVERSION = YES;
				CLANG_WARN_INFINITE_RECURSION = YES;
				CLANG_WARN_INT_CONVERSION = YES;
				CLANG_WARN_NON_LITERAL_NULL_CONVERSION = YES;
				CLANG_WARN_OBJC_IMPLICIT_RETAIN_SELF = YES;
				CLANG_WARN_OBJC_LITERAL_CONVERSION = YES;
				CLANG_WARN_OBJC_ROOT_CLASS = YES_ERROR;
				CLANG_WARN_QUOTED_INCLUDE_IN_FRAMEWORK_HEADER = YES;
				CLANG_WARN_RANGE_LOOP_ANALYSIS = YES;
				CLANG_WARN_STRICT_PROTOTYPES = YES;
				CLANG_WARN_SUSPICIOUS_MOVE = YES;
				CLANG_WARN_UNGUARDED_AVAILABILITY = YES_AGGRESSIVE;
				CLANG_WARN_UNREACHABLE_CODE = YES;
				CLANG_WARN__DUPLICATE_METHOD_MATCH = YES;
				COPY_PHASE_STRIP = NO;
				CURRENT_PROJECT_VERSION = 1;
				DEBUG_INFORMATION_FORMAT = dwarf;
				ENABLE_STRICT_OBJC_MSGSEND = YES;
				ENABLE_TESTABILITY = YES;
				GCC_C_LANGUAGE_STANDARD = gnu11;
				GCC_DYNAMIC_NO_PIC = NO;
				GCC_NO_COMMON_BLOCKS = YES;
				GCC_OPTIMIZATION_LEVEL = 0;
				GCC_PREPROCESSOR_DEFINITIONS = (
					"DEBUG=1",
					"$(inherited)",
				);
				GCC_WARN_64_TO_32_BIT_CONVERSION = YES;
				GCC_WARN_ABOUT_RETURN_TYPE = YES_ERROR;
				GCC_WARN_UNDECLARED_SELECTOR = YES;
				GCC_WARN_UNINITIALIZED_AUTOS = YES_AGGRESSIVE;
				GCC_WARN_UNUSED_FUNCTION = YES;
				GCC_WARN_UNUSED_VARIABLE = YES;
				IPHONEOS_DEPLOYMENT_TARGET = 16.2;
				MTL_ENABLE_DEBUG_INFO = INCLUDE_SOURCE;
				MTL_FAST_MATH = YES;
				ONLY_ACTIVE_ARCH = YES;
				SDKROOT = iphoneos;
				SWIFT_ACTIVE_COMPILATION_CONDITIONS = DEBUG;
				SWIFT_OPTIMIZATION_LEVEL = "-Onone";
				VERSIONING_SYSTEM = "apple-generic";
				VERSION_INFO_PREFIX = "";
			};
			name = Debug;
		};
		F43EBF3229D11EB400C9ED5D /* Release */ = {
			isa = XCBuildConfiguration;
			buildSettings = {
				ALWAYS_SEARCH_USER_PATHS = NO;
				CLANG_ANALYZER_NONNULL = YES;
				CLANG_ANALYZER_NUMBER_OBJECT_CONVERSION = YES_AGGRESSIVE;
				CLANG_CXX_LANGUAGE_STANDARD = "gnu++20";
				CLANG_ENABLE_MODULES = YES;
				CLANG_ENABLE_OBJC_ARC = YES;
				CLANG_ENABLE_OBJC_WEAK = YES;
				CLANG_WARN_BLOCK_CAPTURE_AUTORELEASING = YES;
				CLANG_WARN_BOOL_CONVERSION = YES;
				CLANG_WARN_COMMA = YES;
				CLANG_WARN_CONSTANT_CONVERSION = YES;
				CLANG_WARN_DEPRECATED_OBJC_IMPLEMENTATIONS = YES;
				CLANG_WARN_DIRECT_OBJC_ISA_USAGE = YES_ERROR;
				CLANG_WARN_DOCUMENTATION_COMMENTS = YES;
				CLANG_WARN_EMPTY_BODY = YES;
				CLANG_WARN_ENUM_CONVERSION = YES;
				CLANG_WARN_INFINITE_RECURSION = YES;
				CLANG_WARN_INT_CONVERSION = YES;
				CLANG_WARN_NON_LITERAL_NULL_CONVERSION = YES;
				CLANG_WARN_OBJC_IMPLICIT_RETAIN_SELF = YES;
				CLANG_WARN_OBJC_LITERAL_CONVERSION = YES;
				CLANG_WARN_OBJC_ROOT_CLASS = YES_ERROR;
				CLANG_WARN_QUOTED_INCLUDE_IN_FRAMEWORK_HEADER = YES;
				CLANG_WARN_RANGE_LOOP_ANALYSIS = YES;
				CLANG_WARN_STRICT_PROTOTYPES = YES;
				CLANG_WARN_SUSPICIOUS_MOVE = YES;
				CLANG_WARN_UNGUARDED_AVAILABILITY = YES_AGGRESSIVE;
				CLANG_WARN_UNREACHABLE_CODE = YES;
				CLANG_WARN__DUPLICATE_METHOD_MATCH = YES;
				COPY_PHASE_STRIP = NO;
				CURRENT_PROJECT_VERSION = 1;
				DEBUG_INFORMATION_FORMAT = "dwarf-with-dsym";
				ENABLE_NS_ASSERTIONS = NO;
				ENABLE_STRICT_OBJC_MSGSEND = YES;
				GCC_C_LANGUAGE_STANDARD = gnu11;
				GCC_NO_COMMON_BLOCKS = YES;
				GCC_WARN_64_TO_32_BIT_CONVERSION = YES;
				GCC_WARN_ABOUT_RETURN_TYPE = YES_ERROR;
				GCC_WARN_UNDECLARED_SELECTOR = YES;
				GCC_WARN_UNINITIALIZED_AUTOS = YES_AGGRESSIVE;
				GCC_WARN_UNUSED_FUNCTION = YES;
				GCC_WARN_UNUSED_VARIABLE = YES;
				IPHONEOS_DEPLOYMENT_TARGET = 16.2;
				MTL_ENABLE_DEBUG_INFO = NO;
				MTL_FAST_MATH = YES;
				SDKROOT = iphoneos;
				SWIFT_COMPILATION_MODE = wholemodule;
				SWIFT_OPTIMIZATION_LEVEL = "-O";
				VALIDATE_PRODUCT = YES;
				VERSIONING_SYSTEM = "apple-generic";
				VERSION_INFO_PREFIX = "";
			};
			name = Release;
		};
		F43EBF3429D11EB400C9ED5D /* Debug */ = {
			isa = XCBuildConfiguration;
			baseConfigurationReference = A46C4632ADE4EE69E25549CA /* Pods-About.debug.xcconfig */;
			buildSettings = {
				CODE_SIGN_STYLE = Automatic;
				CURRENT_PROJECT_VERSION = 1;
				DEFINES_MODULE = YES;
				DYLIB_COMPATIBILITY_VERSION = 1;
				DYLIB_CURRENT_VERSION = 1;
				DYLIB_INSTALL_NAME_BASE = "@rpath";
				GENERATE_INFOPLIST_FILE = YES;
				INFOPLIST_KEY_NSHumanReadableCopyright = "";
				INSTALL_PATH = "$(LOCAL_LIBRARY_DIR)/Frameworks";
				LD_RUNPATH_SEARCH_PATHS = (
					"$(inherited)",
					"@executable_path/Frameworks",
					"@loader_path/Frameworks",
				);
				MARKETING_VERSION = 1.0;
				PRODUCT_BUNDLE_IDENTIFIER = com.dicoding.academy.About;
				PRODUCT_NAME = "$(TARGET_NAME:c99extidentifier)";
				SKIP_INSTALL = YES;
				SWIFT_EMIT_LOC_STRINGS = YES;
				SWIFT_VERSION = 5.0;
				TARGETED_DEVICE_FAMILY = "1,2";
			};
			name = Debug;
		};
		F43EBF3529D11EB400C9ED5D /* Release */ = {
			isa = XCBuildConfiguration;
			baseConfigurationReference = 714A633B3B9F316E86D3D353 /* Pods-About.release.xcconfig */;
			buildSettings = {
				CODE_SIGN_STYLE = Automatic;
				CURRENT_PROJECT_VERSION = 1;
				DEFINES_MODULE = YES;
				DYLIB_COMPATIBILITY_VERSION = 1;
				DYLIB_CURRENT_VERSION = 1;
				DYLIB_INSTALL_NAME_BASE = "@rpath";
				GENERATE_INFOPLIST_FILE = YES;
				INFOPLIST_KEY_NSHumanReadableCopyright = "";
				INSTALL_PATH = "$(LOCAL_LIBRARY_DIR)/Frameworks";
				LD_RUNPATH_SEARCH_PATHS = (
					"$(inherited)",
					"@executable_path/Frameworks",
					"@loader_path/Frameworks",
				);
				MARKETING_VERSION = 1.0;
				PRODUCT_BUNDLE_IDENTIFIER = com.dicoding.academy.About;
				PRODUCT_NAME = "$(TARGET_NAME:c99extidentifier)";
				SKIP_INSTALL = YES;
				SWIFT_EMIT_LOC_STRINGS = YES;
				SWIFT_VERSION = 5.0;
				TARGETED_DEVICE_FAMILY = "1,2";
			};
			name = Release;
		};
/* End XCBuildConfiguration section */

/* Begin XCConfigurationList section */
		F43EBF2429D11EB400C9ED5D /* Build configuration list for PBXProject "About" */ = {
			isa = XCConfigurationList;
			buildConfigurations = (
				F43EBF3129D11EB400C9ED5D /* Debug */,
				F43EBF3229D11EB400C9ED5D /* Release */,
			);
			defaultConfigurationIsVisible = 0;
			defaultConfigurationName = Release;
		};
		F43EBF3329D11EB400C9ED5D /* Build configuration list for PBXNativeTarget "About" */ = {
			isa = XCConfigurationList;
			buildConfigurations = (
				F43EBF3429D11EB400C9ED5D /* Debug */,
				F43EBF3529D11EB400C9ED5D /* Release */,
			);
			defaultConfigurationIsVisible = 0;
			defaultConfigurationName = Release;
		};
/* End XCConfigurationList section */
	};
	rootObject = F43EBF2129D11EB400C9ED5D /* Project object */;
}
